
Microsoft Visual Studio Solution File, Format Version 12.00
# Visual Studio Version 17
VisualStudioVersion = 17.0.31903.59
MinimumVisualStudioVersion = 10.0.40219.1
Project("{2150E333-8FDC-42A3-9474-1A3956D46DE8}") = "src", "src", "{CAA477E3-712F-48A0-BFE3-7092D96D981B}"
EndProject
Project("{FAE04EC0-301F-11D3-BF4B-00C04F79EFBC}") = "AquaParse", "src\AquaParse\AquaParse.csproj", "{B6E0FB29-9A64-4603-B52B-CE95AC7FB56E}"
EndProject
Project("{FAE04EC0-301F-11D3-BF4B-00C04F79EFBC}") = "FinPrompt", "src\FinPrompt\FinPrompt.csproj", "{A8E634A4-9D8B-4239-920D-8645B8B7C0E7}"
EndProject
Project("{FAE04EC0-301F-11D3-BF4B-00C04F79EFBC}") = "GuraShell", "src\GuraShell\GuraShell.csproj", "{C7824D64-AEB5-4DB2-8F8A-DE049D660910}"
EndProject
Project("{FAE04EC0-301F-11D3-BF4B-00C04F79EFBC}") = "LilyFS", "src\LilyFS\LilyFS.csproj", "{0E95C019-78A9-4992-BD55-748CDD97A661}"
EndProject
Project("{FAE04EC0-301F-11D3-BF4B-00C04F79EFBC}") = "RuiSys", "src\RuiSys\RuiSys.csproj", "{62BB93BB-71A5-49CA-8A9B-BC6C405FF637}"
EndProject
Project("{FAE04EC0-301F-11D3-BF4B-00C04F79EFBC}") = "SabaSaba", "src\SabaSaba\SabaSaba.csproj", "{91873588-2001-4525-BFF9-7006CCF9E9CD}"
EndProject
Global
	GlobalSection(SolutionConfigurationPlatforms) = preSolution
		Debug|Any CPU = Debug|Any CPU
		Release|Any CPU = Release|Any CPU
	EndGlobalSection
	GlobalSection(SolutionProperties) = preSolution
		HideSolutionNode = FALSE
	EndGlobalSection
	GlobalSection(ProjectConfigurationPlatforms) = postSolution
		{B6E0FB29-9A64-4603-B52B-CE95AC7FB56E}.Debug|Any CPU.ActiveCfg = Debug|Any CPU
		{B6E0FB29-9A64-4603-B52B-CE95AC7FB56E}.Debug|Any CPU.Build.0 = Debug|Any CPU
		{B6E0FB29-9A64-4603-B52B-CE95AC7FB56E}.Release|Any CPU.ActiveCfg = Release|Any CPU
		{B6E0FB29-9A64-4603-B52B-CE95AC7FB56E}.Release|Any CPU.Build.0 = Release|Any CPU
		{A8E634A4-9D8B-4239-920D-8645B8B7C0E7}.Debug|Any CPU.ActiveCfg = Debug|Any CPU
		{A8E634A4-9D8B-4239-920D-8645B8B7C0E7}.Debug|Any CPU.Build.0 = Debug|Any CPU
		{A8E634A4-9D8B-4239-920D-8645B8B7C0E7}.Release|Any CPU.ActiveCfg = Release|Any CPU
		{A8E634A4-9D8B-4239-920D-8645B8B7C0E7}.Release|Any CPU.Build.0 = Release|Any CPU
		{C7824D64-AEB5-4DB2-8F8A-DE049D660910}.Debug|Any CPU.ActiveCfg = Debug|Any CPU
		{C7824D64-AEB5-4DB2-8F8A-DE049D660910}.Debug|Any CPU.Build.0 = Debug|Any CPU
		{C7824D64-AEB5-4DB2-8F8A-DE049D660910}.Release|Any CPU.ActiveCfg = Release|Any CPU
		{C7824D64-AEB5-4DB2-8F8A-DE049D660910}.Release|Any CPU.Build.0 = Release|Any CPU
		{0E95C019-78A9-4992-BD55-748CDD97A661}.Debug|Any CPU.ActiveCfg = Debug|Any CPU
		{0E95C019-78A9-4992-BD55-748CDD97A661}.Debug|Any CPU.Build.0 = Debug|Any CPU
		{0E95C019-78A9-4992-BD55-748CDD97A661}.Release|Any CPU.ActiveCfg = Release|Any CPU
		{0E95C019-78A9-4992-BD55-748CDD97A661}.Release|Any CPU.Build.0 = Release|Any CPU
		{62BB93BB-71A5-49CA-8A9B-BC6C405FF637}.Debug|Any CPU.ActiveCfg = Debug|Any CPU
		{62BB93BB-71A5-49CA-8A9B-BC6C405FF637}.Debug|Any CPU.Build.0 = Debug|Any CPU
		{62BB93BB-71A5-49CA-8A9B-BC6C405FF637}.Release|Any CPU.ActiveCfg = Release|Any CPU
		{62BB93BB-71A5-49CA-8A9B-BC6C405FF637}.Release|Any CPU.Build.0 = Release|Any CPU
		{91873588-2001-4525-BFF9-7006CCF9E9CD}.Debug|Any CPU.ActiveCfg = Debug|Any CPU
		{91873588-2001-4525-BFF9-7006CCF9E9CD}.Debug|Any CPU.Build.0 = Debug|Any CPU
		{91873588-2001-4525-BFF9-7006CCF9E9CD}.Release|Any CPU.ActiveCfg = Release|Any CPU
		{91873588-2001-4525-BFF9-7006CCF9E9CD}.Release|Any CPU.Build.0 = Release|Any CPU
	EndGlobalSection
	GlobalSection(NestedProjects) = preSolution
		{B6E0FB29-9A64-4603-B52B-CE95AC7FB56E} = {CAA477E3-712F-48A0-BFE3-7092D96D981B}
		{A8E634A4-9D8B-4239-920D-8645B8B7C0E7} = {CAA477E3-712F-48A0-BFE3-7092D96D981B}
		{C7824D64-AEB5-4DB2-8F8A-DE049D660910} = {CAA477E3-712F-48A0-BFE3-7092D96D981B}
		{0E95C019-78A9-4992-BD55-748CDD97A661} = {CAA477E3-712F-48A0-BFE3-7092D96D981B}
		{62BB93BB-71A5-49CA-8A9B-BC6C405FF637} = {CAA477E3-712F-48A0-BFE3-7092D96D981B}
		{91873588-2001-4525-BFF9-7006CCF9E9CD} = {CAA477E3-712F-48A0-BFE3-7092D96D981B}
	EndGlobalSection
EndGlobal
